// !$*UTF8*$!
{
	archiveVersion = 1;
	classes = {
	};
	objectVersion = 46;
	objects = {

/* Begin PBXBuildFile section */
		5E27623C19021D7800AE5DFC /* DetailViewController.m in Sources */ = {isa = PBXBuildFile; fileRef = 5E27623B19021D7800AE5DFC /* DetailViewController.m */; };
		5E27623F1902478400AE5DFC /* WebViewController.m in Sources */ = {isa = PBXBuildFile; fileRef = 5E27623E1902478400AE5DFC /* WebViewController.m */; };
		5E27624219024C8A00AE5DFC /* MyUIApplication.m in Sources */ = {isa = PBXBuildFile; fileRef = 5E27624119024C8A00AE5DFC /* MyUIApplication.m */; };
		5E32B52818F8F61700AEDB94 /* Foundation.framework in Frameworks */ = {isa = PBXBuildFile; fileRef = 5E32B52718F8F61700AEDB94 /* Foundation.framework */; };
		5E32B52A18F8F61700AEDB94 /* CoreGraphics.framework in Frameworks */ = {isa = PBXBuildFile; fileRef = 5E32B52918F8F61700AEDB94 /* CoreGraphics.framework */; };
		5E32B52C18F8F61700AEDB94 /* UIKit.framework in Frameworks */ = {isa = PBXBuildFile; fileRef = 5E32B52B18F8F61700AEDB94 /* UIKit.framework */; };
		5E32B53218F8F61700AEDB94 /* InfoPlist.strings in Resources */ = {isa = PBXBuildFile; fileRef = 5E32B53018F8F61700AEDB94 /* InfoPlist.strings */; };
		5E32B53418F8F61700AEDB94 /* main.m in Sources */ = {isa = PBXBuildFile; fileRef = 5E32B53318F8F61700AEDB94 /* main.m */; };
		5E32B53818F8F61700AEDB94 /* AppDelegate.m in Sources */ = {isa = PBXBuildFile; fileRef = 5E32B53718F8F61700AEDB94 /* AppDelegate.m */; };
		5E32B53B18F8F61700AEDB94 /* Main_iPhone.storyboard in Resources */ = {isa = PBXBuildFile; fileRef = 5E32B53918F8F61700AEDB94 /* Main_iPhone.storyboard */; };
		5E32B54118F8F61800AEDB94 /* ViewController.m in Sources */ = {isa = PBXBuildFile; fileRef = 5E32B54018F8F61800AEDB94 /* ViewController.m */; };
		5E32B54318F8F61800AEDB94 /* Images.xcassets in Resources */ = {isa = PBXBuildFile; fileRef = 5E32B54218F8F61800AEDB94 /* Images.xcassets */; };
		5E32B54A18F8F61800AEDB94 /* XCTest.framework in Frameworks */ = {isa = PBXBuildFile; fileRef = 5E32B54918F8F61800AEDB94 /* XCTest.framework */; };
		5E32B54B18F8F61800AEDB94 /* Foundation.framework in Frameworks */ = {isa = PBXBuildFile; fileRef = 5E32B52718F8F61700AEDB94 /* Foundation.framework */; };
		5E32B54C18F8F61800AEDB94 /* UIKit.framework in Frameworks */ = {isa = PBXBuildFile; fileRef = 5E32B52B18F8F61700AEDB94 /* UIKit.framework */; };
		5E32B55418F8F61800AEDB94 /* InfoPlist.strings in Resources */ = {isa = PBXBuildFile; fileRef = 5E32B55218F8F61800AEDB94 /* InfoPlist.strings */; };
		5E32B55618F8F61800AEDB94 /* TwitterClient01Tests.m in Sources */ = {isa = PBXBuildFile; fileRef = 5E32B55518F8F61800AEDB94 /* TwitterClient01Tests.m */; };
		5E32B56118F912EA00AEDB94 /* TimeLineTableViewController.m in Sources */ = {isa = PBXBuildFile; fileRef = 5E32B56018F912EA00AEDB94 /* TimeLineTableViewController.m */; };
		5E32B56418F91A8A00AEDB94 /* TimeLineCell.m in Sources */ = {isa = PBXBuildFile; fileRef = 5E32B56318F91A8A00AEDB94 /* TimeLineCell.m */; };
/* End PBXBuildFile section */

/* Begin PBXContainerItemProxy section */
		5E32B54D18F8F61800AEDB94 /* PBXContainerItemProxy */ = {
			isa = PBXContainerItemProxy;
			containerPortal = 5E32B51C18F8F61600AEDB94 /* Project object */;
			proxyType = 1;
			remoteGlobalIDString = 5E32B52318F8F61700AEDB94;
			remoteInfo = TwitterClient01;
		};
/* End PBXContainerItemProxy section */

/* Begin PBXFileReference section */
		5E27623A19021D7800AE5DFC /* DetailViewController.h */ = {isa = PBXFileReference; fileEncoding = 4; lastKnownFileType = sourcecode.c.h; name = DetailViewController.h; path = ../DetailViewController.h; sourceTree = "<group>"; };
		5E27623B19021D7800AE5DFC /* DetailViewController.m */ = {isa = PBXFileReference; fileEncoding = 4; lastKnownFileType = sourcecode.c.objc; name = DetailViewController.m; path = ../DetailViewController.m; sourceTree = "<group>"; };
		5E27623D1902478400AE5DFC /* WebViewController.h */ = {isa = PBXFileReference; fileEncoding = 4; lastKnownFileType = sourcecode.c.h; name = WebViewController.h; path = ../WebViewController.h; sourceTree = "<group>"; };
		5E27623E1902478400AE5DFC /* WebViewController.m */ = {isa = PBXFileReference; fileEncoding = 4; lastKnownFileType = sourcecode.c.objc; name = WebViewController.m; path = ../WebViewController.m; sourceTree = "<group>"; };
		5E27624019024C8A00AE5DFC /* MyUIApplication.h */ = {isa = PBXFileReference; fileEncoding = 4; lastKnownFileType = sourcecode.c.h; name = MyUIApplication.h; path = ../MyUIApplication.h; sourceTree = "<group>"; };
		5E27624119024C8A00AE5DFC /* MyUIApplication.m */ = {isa = PBXFileReference; fileEncoding = 4; lastKnownFileType = sourcecode.c.objc; name = MyUIApplication.m; path = ../MyUIApplication.m; sourceTree = "<group>"; };
		5E32B52418F8F61700AEDB94 /* TwitterClient01.app */ = {isa = PBXFileReference; explicitFileType = wrapper.application; includeInIndex = 0; path = TwitterClient01.app; sourceTree = BUILT_PRODUCTS_DIR; };
		5E32B52718F8F61700AEDB94 /* Foundation.framework */ = {isa = PBXFileReference; lastKnownFileType = wrapper.framework; name = Foundation.framework; path = System/Library/Frameworks/Foundation.framework; sourceTree = SDKROOT; };
		5E32B52918F8F61700AEDB94 /* CoreGraphics.framework */ = {isa = PBXFileReference; lastKnownFileType = wrapper.framework; name = CoreGraphics.framework; path = System/Library/Frameworks/CoreGraphics.framework; sourceTree = SDKROOT; };
		5E32B52B18F8F61700AEDB94 /* UIKit.framework */ = {isa = PBXFileReference; lastKnownFileType = wrapper.framework; name = UIKit.framework; path = System/Library/Frameworks/UIKit.framework; sourceTree = SDKROOT; };
		5E32B52F18F8F61700AEDB94 /* TwitterClient01-Info.plist */ = {isa = PBXFileReference; lastKnownFileType = text.plist.xml; path = "TwitterClient01-Info.plist"; sourceTree = "<group>"; };
		5E32B53118F8F61700AEDB94 /* en */ = {isa = PBXFileReference; lastKnownFileType = text.plist.strings; name = en; path = en.lproj/InfoPlist.strings; sourceTree = "<group>"; };
		5E32B53318F8F61700AEDB94 /* main.m */ = {isa = PBXFileReference; lastKnownFileType = sourcecode.c.objc; path = main.m; sourceTree = "<group>"; };
		5E32B53518F8F61700AEDB94 /* TwitterClient01-Prefix.pch */ = {isa = PBXFileReference; lastKnownFileType = sourcecode.c.h; path = "TwitterClient01-Prefix.pch"; sourceTree = "<group>"; };
		5E32B53618F8F61700AEDB94 /* AppDelegate.h */ = {isa = PBXFileReference; lastKnownFileType = sourcecode.c.h; path = AppDelegate.h; sourceTree = "<group>"; };
		5E32B53718F8F61700AEDB94 /* AppDelegate.m */ = {isa = PBXFileReference; lastKnownFileType = sourcecode.c.objc; path = AppDelegate.m; sourceTree = "<group>"; };
		5E32B53A18F8F61700AEDB94 /* Base */ = {isa = PBXFileReference; lastKnownFileType = file.storyboard; name = Base; path = Base.lproj/Main_iPhone.storyboard; sourceTree = "<group>"; };
		5E32B53F18F8F61800AEDB94 /* ViewController.h */ = {isa = PBXFileReference; lastKnownFileType = sourcecode.c.h; path = ViewController.h; sourceTree = "<group>"; };
		5E32B54018F8F61800AEDB94 /* ViewController.m */ = {isa = PBXFileReference; lastKnownFileType = sourcecode.c.objc; path = ViewController.m; sourceTree = "<group>"; };
		5E32B54218F8F61800AEDB94 /* Images.xcassets */ = {isa = PBXFileReference; lastKnownFileType = folder.assetcatalog; path = Images.xcassets; sourceTree = "<group>"; };
		5E32B54818F8F61800AEDB94 /* TwitterClient01Tests.xctest */ = {isa = PBXFileReference; explicitFileType = wrapper.cfbundle; includeInIndex = 0; path = TwitterClient01Tests.xctest; sourceTree = BUILT_PRODUCTS_DIR; };
		5E32B54918F8F61800AEDB94 /* XCTest.framework */ = {isa = PBXFileReference; lastKnownFileType = wrapper.framework; name = XCTest.framework; path = Library/Frameworks/XCTest.framework; sourceTree = DEVELOPER_DIR; };
		5E32B55118F8F61800AEDB94 /* TwitterClient01Tests-Info.plist */ = {isa = PBXFileReference; lastKnownFileType = text.plist.xml; path = "TwitterClient01Tests-Info.plist"; sourceTree = "<group>"; };
		5E32B55318F8F61800AEDB94 /* en */ = {isa = PBXFileReference; lastKnownFileType = text.plist.strings; name = en; path = en.lproj/InfoPlist.strings; sourceTree = "<group>"; };
		5E32B55518F8F61800AEDB94 /* TwitterClient01Tests.m */ = {isa = PBXFileReference; lastKnownFileType = sourcecode.c.objc; path = TwitterClient01Tests.m; sourceTree = "<group>"; };
		5E32B55F18F912EA00AEDB94 /* TimeLineTableViewController.h */ = {isa = PBXFileReference; fileEncoding = 4; lastKnownFileType = sourcecode.c.h; path = TimeLineTableViewController.h; sourceTree = "<group>"; };
		5E32B56018F912EA00AEDB94 /* TimeLineTableViewController.m */ = {isa = PBXFileReference; fileEncoding = 4; lastKnownFileType = sourcecode.c.objc; path = TimeLineTableViewController.m; sourceTree = "<group>"; };
		5E32B56218F91A8A00AEDB94 /* TimeLineCell.h */ = {isa = PBXFileReference; fileEncoding = 4; lastKnownFileType = sourcecode.c.h; path = TimeLineCell.h; sourceTree = "<group>"; };
		5E32B56318F91A8A00AEDB94 /* TimeLineCell.m */ = {isa = PBXFileReference; fileEncoding = 4; lastKnownFileType = sourcecode.c.objc; path = TimeLineCell.m; sourceTree = "<group>"; };
/* End PBXFileReference section */

/* Begin PBXFrameworksBuildPhase section */
		5E32B52118F8F61700AEDB94 /* Frameworks */ = {
			isa = PBXFrameworksBuildPhase;
			buildActionMask = 2147483647;
			files = (
				5E32B52A18F8F61700AEDB94 /* CoreGraphics.framework in Frameworks */,
				5E32B52C18F8F61700AEDB94 /* UIKit.framework in Frameworks */,
				5E32B52818F8F61700AEDB94 /* Foundation.framework in Frameworks */,
			);
			runOnlyForDeploymentPostprocessing = 0;
		};
		5E32B54518F8F61800AEDB94 /* Frameworks */ = {
			isa = PBXFrameworksBuildPhase;
			buildActionMask = 2147483647;
			files = (
				5E32B54A18F8F61800AEDB94 /* XCTest.framework in Frameworks */,
				5E32B54C18F8F61800AEDB94 /* UIKit.framework in Frameworks */,
				5E32B54B18F8F61800AEDB94 /* Foundation.framework in Frameworks */,
			);
			runOnlyForDeploymentPostprocessing = 0;
		};
/* End PBXFrameworksBuildPhase section */

/* Begin PBXGroup section */
		5E32B51B18F8F61600AEDB94 = {
			isa = PBXGroup;
			children = (
				5E32B52D18F8F61700AEDB94 /* TwitterClient01 */,
				5E32B54F18F8F61800AEDB94 /* TwitterClient01Tests */,
				5E32B52618F8F61700AEDB94 /* Frameworks */,
				5E32B52518F8F61700AEDB94 /* Products */,
			);
			sourceTree = "<group>";
		};
		5E32B52518F8F61700AEDB94 /* Products */ = {
			isa = PBXGroup;
			children = (
				5E32B52418F8F61700AEDB94 /* TwitterClient01.app */,
				5E32B54818F8F61800AEDB94 /* TwitterClient01Tests.xctest */,
			);
			name = Products;
			sourceTree = "<group>";
		};
		5E32B52618F8F61700AEDB94 /* Frameworks */ = {
			isa = PBXGroup;
			children = (
				5E32B52718F8F61700AEDB94 /* Foundation.framework */,
				5E32B52918F8F61700AEDB94 /* CoreGraphics.framework */,
				5E32B52B18F8F61700AEDB94 /* UIKit.framework */,
				5E32B54918F8F61800AEDB94 /* XCTest.framework */,
			);
			name = Frameworks;
			sourceTree = "<group>";
		};
		5E32B52D18F8F61700AEDB94 /* TwitterClient01 */ = {
			isa = PBXGroup;
			children = (
				5E32B53618F8F61700AEDB94 /* AppDelegate.h */,
				5E32B53718F8F61700AEDB94 /* AppDelegate.m */,
				5E32B53918F8F61700AEDB94 /* Main_iPhone.storyboard */,
				5E32B53F18F8F61800AEDB94 /* ViewController.h */,
				5E32B54018F8F61800AEDB94 /* ViewController.m */,
				5E27623A19021D7800AE5DFC /* DetailViewController.h */,
				5E27623B19021D7800AE5DFC /* DetailViewController.m */,
				5E27623D1902478400AE5DFC /* WebViewController.h */,
				5E27623E1902478400AE5DFC /* WebViewController.m */,
				5E27624019024C8A00AE5DFC /* MyUIApplication.h */,
				5E27624119024C8A00AE5DFC /* MyUIApplication.m */,
				5E32B54218F8F61800AEDB94 /* Images.xcassets */,
				5E32B52E18F8F61700AEDB94 /* Supporting Files */,
				5E32B55F18F912EA00AEDB94 /* TimeLineTableViewController.h */,
				5E32B56018F912EA00AEDB94 /* TimeLineTableViewController.m */,
				5E32B56218F91A8A00AEDB94 /* TimeLineCell.h */,
				5E32B56318F91A8A00AEDB94 /* TimeLineCell.m */,
			);
			path = TwitterClient01;
			sourceTree = "<group>";
		};
		5E32B52E18F8F61700AEDB94 /* Supporting Files */ = {
			isa = PBXGroup;
			children = (
				5E32B52F18F8F61700AEDB94 /* TwitterClient01-Info.plist */,
				5E32B53018F8F61700AEDB94 /* InfoPlist.strings */,
				5E32B53318F8F61700AEDB94 /* main.m */,
				5E32B53518F8F61700AEDB94 /* TwitterClient01-Prefix.pch */,
			);
			name = "Supporting Files";
			sourceTree = "<group>";
		};
		5E32B54F18F8F61800AEDB94 /* TwitterClient01Tests */ = {
			isa = PBXGroup;
			children = (
				5E32B55518F8F61800AEDB94 /* TwitterClient01Tests.m */,
				5E32B55018F8F61800AEDB94 /* Supporting Files */,
			);
			path = TwitterClient01Tests;
			sourceTree = "<group>";
		};
		5E32B55018F8F61800AEDB94 /* Supporting Files */ = {
			isa = PBXGroup;
			children = (
				5E32B55118F8F61800AEDB94 /* TwitterClient01Tests-Info.plist */,
				5E32B55218F8F61800AEDB94 /* InfoPlist.strings */,
			);
			name = "Supporting Files";
			sourceTree = "<group>";
		};
/* End PBXGroup section */

/* Begin PBXNativeTarget section */
		5E32B52318F8F61700AEDB94 /* TwitterClient01 */ = {
			isa = PBXNativeTarget;
			buildConfigurationList = 5E32B55918F8F61800AEDB94 /* Build configuration list for PBXNativeTarget "TwitterClient01" */;
			buildPhases = (
				5E32B52018F8F61700AEDB94 /* Sources */,
				5E32B52118F8F61700AEDB94 /* Frameworks */,
				5E32B52218F8F61700AEDB94 /* Resources */,
			);
			buildRules = (
			);
			dependencies = (
			);
			name = TwitterClient01;
			productName = TwitterClient01;
			productReference = 5E32B52418F8F61700AEDB94 /* TwitterClient01.app */;
			productType = "com.apple.product-type.application";
		};
		5E32B54718F8F61800AEDB94 /* TwitterClient01Tests */ = {
			isa = PBXNativeTarget;
			buildConfigurationList = 5E32B55C18F8F61800AEDB94 /* Build configuration list for PBXNativeTarget "TwitterClient01Tests" */;
			buildPhases = (
				5E32B54418F8F61800AEDB94 /* Sources */,
				5E32B54518F8F61800AEDB94 /* Frameworks */,
				5E32B54618F8F61800AEDB94 /* Resources */,
			);
			buildRules = (
			);
			dependencies = (
				5E32B54E18F8F61800AEDB94 /* PBXTargetDependency */,
			);
			name = TwitterClient01Tests;
			productName = TwitterClient01Tests;
			productReference = 5E32B54818F8F61800AEDB94 /* TwitterClient01Tests.xctest */;
			productType = "com.apple.product-type.bundle.unit-test";
		};
/* End PBXNativeTarget section */

/* Begin PBXProject section */
		5E32B51C18F8F61600AEDB94 /* Project object */ = {
			isa = PBXProject;
			attributes = {
				LastUpgradeCheck = 0510;
				ORGANIZATIONNAME = "___FULLUSERNAME___";
				TargetAttributes = {
					5E32B54718F8F61800AEDB94 = {
						TestTargetID = 5E32B52318F8F61700AEDB94;
					};
				};
			};
			buildConfigurationList = 5E32B51F18F8F61600AEDB94 /* Build configuration list for PBXProject "TwitterClient01" */;
			compatibilityVersion = "Xcode 3.2";
			developmentRegion = English;
			hasScannedForEncodings = 0;
			knownRegions = (
				en,
				Base,
			);
			mainGroup = 5E32B51B18F8F61600AEDB94;
			productRefGroup = 5E32B52518F8F61700AEDB94 /* Products */;
			projectDirPath = "";
			projectRoot = "";
			targets = (
				5E32B52318F8F61700AEDB94 /* TwitterClient01 */,
				5E32B54718F8F61800AEDB94 /* TwitterClient01Tests */,
			);
		};
/* End PBXProject section */

/* Begin PBXResourcesBuildPhase section */
		5E32B52218F8F61700AEDB94 /* Resources */ = {
			isa = PBXResourcesBuildPhase;
			buildActionMask = 2147483647;
			files = (
				5E32B54318F8F61800AEDB94 /* Images.xcassets in Resources */,
				5E32B53B18F8F61700AEDB94 /* Main_iPhone.storyboard in Resources */,
				5E32B53218F8F61700AEDB94 /* InfoPlist.strings in Resources */,
			);
			runOnlyForDeploymentPostprocessing = 0;
		};
		5E32B54618F8F61800AEDB94 /* Resources */ = {
			isa = PBXResourcesBuildPhase;
			buildActionMask = 2147483647;
			files = (
				5E32B55418F8F61800AEDB94 /* InfoPlist.strings in Resources */,
			);
			runOnlyForDeploymentPostprocessing = 0;
		};
/* End PBXResourcesBuildPhase section */

/* Begin PBXSourcesBuildPhase section */
		5E32B52018F8F61700AEDB94 /* Sources */ = {
			isa = PBXSourcesBuildPhase;
			buildActionMask = 2147483647;
			files = (
				5E32B56418F91A8A00AEDB94 /* TimeLineCell.m in Sources */,
				5E27623F1902478400AE5DFC /* WebViewController.m in Sources */,
				5E32B54118F8F61800AEDB94 /* ViewController.m in Sources */,
				5E32B53818F8F61700AEDB94 /* AppDelegate.m in Sources */,
				5E27624219024C8A00AE5DFC /* MyUIApplication.m in Sources */,
				5E32B56118F912EA00AEDB94 /* TimeLineTableViewController.m in Sources */,
				5E32B53418F8F61700AEDB94 /* main.m in Sources */,
				5E27623C19021D7800AE5DFC /* DetailViewController.m in Sources */,
			);
			runOnlyForDeploymentPostprocessing = 0;
		};
		5E32B54418F8F61800AEDB94 /* Sources */ = {
			isa = PBXSourcesBuildPhase;
			buildActionMask = 2147483647;
			files = (
				5E32B55618F8F61800AEDB94 /* TwitterClient01Tests.m in Sources */,
			);
			runOnlyForDeploymentPostprocessing = 0;
		};
/* End PBXSourcesBuildPhase section */

/* Begin PBXTargetDependency section */
		5E32B54E18F8F61800AEDB94 /* PBXTargetDependency */ = {
			isa = PBXTargetDependency;
			target = 5E32B52318F8F61700AEDB94 /* TwitterClient01 */;
			targetProxy = 5E32B54D18F8F61800AEDB94 /* PBXContainerItemProxy */;
		};
/* End PBXTargetDependency section */

/* Begin PBXVariantGroup section */
		5E32B53018F8F61700AEDB94 /* InfoPlist.strings */ = {
			isa = PBXVariantGroup;
			children = (
				5E32B53118F8F61700AEDB94 /* en */,
			);
			name = InfoPlist.strings;
			sourceTree = "<group>";
		};
		5E32B53918F8F61700AEDB94 /* Main_iPhone.storyboard */ = {
			isa = PBXVariantGroup;
			children = (
				5E32B53A18F8F61700AEDB94 /* Base */,
			);
			name = Main_iPhone.storyboard;
			sourceTree = "<group>";
		};
		5E32B55218F8F61800AEDB94 /* InfoPlist.strings */ = {
			isa = PBXVariantGroup;
			children = (
				5E32B55318F8F61800AEDB94 /* en */,
			);
			name = InfoPlist.strings;
			sourceTree = "<group>";
		};
/* End PBXVariantGroup section */

/* Begin XCBuildConfiguration section */
		5E32B55718F8F61800AEDB94 /* Debug */ = {
			isa = XCBuildConfiguration;
			buildSettings = {
				ALWAYS_SEARCH_USER_PATHS = NO;
				CLANG_CXX_LANGUAGE_STANDARD = "gnu++0x";
				CLANG_CXX_LIBRARY = "libc++";
				CLANG_ENABLE_MODULES = YES;
				CLANG_ENABLE_OBJC_ARC = YES;
				CLANG_WARN_BOOL_CONVERSION = YES;
				CLANG_WARN_CONSTANT_CONVERSION = YES;
				CLANG_WARN_DIRECT_OBJC_ISA_USAGE = YES_ERROR;
				CLANG_WARN_EMPTY_BODY = YES;
				CLANG_WARN_ENUM_CONVERSION = YES;
				CLANG_WARN_INT_CONVERSION = YES;
				CLANG_WARN_OBJC_ROOT_CLASS = YES_ERROR;
				CLANG_WARN__DUPLICATE_METHOD_MATCH = YES;
				"CODE_SIGN_IDENTITY[sdk=iphoneos*]" = "iPhone Developer";
				COPY_PHASE_STRIP = NO;
				GCC_C_LANGUAGE_STANDARD = gnu99;
				GCC_DYNAMIC_NO_PIC = NO;
				GCC_OPTIMIZATION_LEVEL = 0;
				GCC_PREPROCESSOR_DEFINITIONS = (
					"DEBUG=1",
					"$(inherited)",
				);
				GCC_SYMBOLS_PRIVATE_EXTERN = NO;
				GCC_WARN_64_TO_32_BIT_CONVERSION = YES;
				GCC_WARN_ABOUT_RETURN_TYPE = YES_ERROR;
				GCC_WARN_UNDECLARED_SELECTOR = YES;
				GCC_WARN_UNINITIALIZED_AUTOS = YES_AGGRESSIVE;
				GCC_WARN_UNUSED_FUNCTION = YES;
				GCC_WARN_UNUSED_VARIABLE = YES;
				IPHONEOS_DEPLOYMENT_TARGET = 7.1;
				ONLY_ACTIVE_ARCH = YES;
				SDKROOT = iphoneos;
				TARGETED_DEVICE_FAMILY = "1,2";
			};
			name = Debug;
		};
		5E32B55818F8F61800AEDB94 /* Release */ = {
			isa = XCBuildConfiguration;
			buildSettings = {
				ALWAYS_SEARCH_USER_PATHS = NO;
				CLANG_CXX_LANGUAGE_STANDARD = "gnu++0x";
				CLANG_CXX_LIBRARY = "libc++";
				CLANG_ENABLE_MODULES = YES;
				CLANG_ENABLE_OBJC_ARC = YES;
				CLANG_WARN_BOOL_CONVERSION = YES;
				CLANG_WARN_CONSTANT_CONVERSION = YES;
				CLANG_WARN_DIRECT_OBJC_ISA_USAGE = YES_ERROR;
				CLANG_WARN_EMPTY_BODY = YES;
				CLANG_WARN_ENUM_CONVERSION = YES;
				CLANG_WARN_INT_CONVERSION = YES;
				CLANG_WARN_OBJC_ROOT_CLASS = YES_ERROR;
				CLANG_WARN__DUPLICATE_METHOD_MATCH = YES;
				"CODE_SIGN_IDENTITY[sdk=iphoneos*]" = "iPhone Developer";
				COPY_PHASE_STRIP = YES;
				ENABLE_NS_ASSERTIONS = NO;
				GCC_C_LANGUAGE_STANDARD = gnu99;
				GCC_WARN_64_TO_32_BIT_CONVERSION = YES;
				GCC_WARN_ABOUT_RETURN_TYPE = YES_ERROR;
				GCC_WARN_UNDECLARED_SELECTOR = YES;
				GCC_WARN_UNINITIALIZED_AUTOS = YES_AGGRESSIVE;
				GCC_WARN_UNUSED_FUNCTION = YES;
				GCC_WARN_UNUSED_VARIABLE = YES;
				IPHONEOS_DEPLOYMENT_TARGET = 7.1;
				SDKROOT = iphoneos;
				TARGETED_DEVICE_FAMILY = "1,2";
				VALIDATE_PRODUCT = YES;
			};
			name = Release;
		};
		5E32B55A18F8F61800AEDB94 /* Debug */ = {
			isa = XCBuildConfiguration;
			buildSettings = {
				ASSETCATALOG_COMPILER_APPICON_NAME = AppIcon;
				ASSETCATALOG_COMPILER_LAUNCHIMAGE_NAME = LaunchImage;
				GCC_PRECOMPILE_PREFIX_HEADER = YES;
				GCC_PREFIX_HEADER = "TwitterClient01/TwitterClient01-Prefix.pch";
				INFOPLIST_FILE = "TwitterClient01/TwitterClient01-Info.plist";
				PRODUCT_NAME = "$(TARGET_NAME)";
				WRAPPER_EXTENSION = app;
			};
			name = Debug;
		};
		5E32B55B18F8F61800AEDB94 /* Release */ = {
			isa = XCBuildConfiguration;
			buildSettings = {
				ASSETCATALOG_COMPILER_APPICON_NAME = AppIcon;
				ASSETCATALOG_COMPILER_LAUNCHIMAGE_NAME = LaunchImage;
				GCC_PRECOMPILE_PREFIX_HEADER = YES;
				GCC_PREFIX_HEADER = "TwitterClient01/TwitterClient01-Prefix.pch";
				INFOPLIST_FILE = "TwitterClient01/TwitterClient01-Info.plist";
				PRODUCT_NAME = "$(TARGET_NAME)";
				WRAPPER_EXTENSION = app;
			};
			name = Release;
		};
		5E32B55D18F8F61800AEDB94 /* Debug */ = {
			isa = XCBuildConfiguration;
			buildSettings = {
				BUNDLE_LOADER = "$(BUILT_PRODUCTS_DIR)/TwitterClient01.app/TwitterClient01";
				FRAMEWORK_SEARCH_PATHS = (
					"$(SDKROOT)/Developer/Library/Frameworks",
					"$(inherited)",
					"$(DEVELOPER_FRAMEWORKS_DIR)",
				);
				GCC_PRECOMPILE_PREFIX_HEADER = YES;
				GCC_PREFIX_HEADER = "TwitterClient01/TwitterClient01-Prefix.pch";
				GCC_PREPROCESSOR_DEFINITIONS = (
					"DEBUG=1",
					"$(inherited)",
				);
				INFOPLIST_FILE = "TwitterClient01Tests/TwitterClient01Tests-Info.plist";
				PRODUCT_NAME = "$(TARGET_NAME)";
				TEST_HOST = "$(BUNDLE_LOADER)";
				WRAPPER_EXTENSION = xctest;
			};
			name = Debug;
		};
		5E32B55E18F8F61800AEDB94 /* Release */ = {
			isa = XCBuildConfiguration;
			buildSettings = {
				BUNDLE_LOADER = "$(BUILT_PRODUCTS_DIR)/TwitterClient01.app/TwitterClient01";
				FRAMEWORK_SEARCH_PATHS = (
					"$(SDKROOT)/Developer/Library/Frameworks",
					"$(inherited)",
					"$(DEVELOPER_FRAMEWORKS_DIR)",
				);
				GCC_PRECOMPILE_PREFIX_HEADER = YES;
				GCC_PREFIX_HEADER = "TwitterClient01/TwitterClient01-Prefix.pch";
				INFOPLIST_FILE = "TwitterClient01Tests/TwitterClient01Tests-Info.plist";
				PRODUCT_NAME = "$(TARGET_NAME)";
				TEST_HOST = "$(BUNDLE_LOADER)";
				WRAPPER_EXTENSION = xctest;
			};
			name = Release;
		};
/* End XCBuildConfiguration section */

/* Begin XCConfigurationList section */
		5E32B51F18F8F61600AEDB94 /* Build configuration list for PBXProject "TwitterClient01" */ = {
			isa = XCConfigurationList;
			buildConfigurations = (
				5E32B55718F8F61800AEDB94 /* Debug */,
				5E32B55818F8F61800AEDB94 /* Release */,
			);
			defaultConfigurationIsVisible = 0;
			defaultConfigurationName = Release;
		};
		5E32B55918F8F61800AEDB94 /* Build configuration list for PBXNativeTarget "TwitterClient01" */ = {
			isa = XCConfigurationList;
			buildConfigurations = (
				5E32B55A18F8F61800AEDB94 /* Debug */,
				5E32B55B18F8F61800AEDB94 /* Release */,
			);
			defaultConfigurationIsVisible = 0;
			defaultConfigurationName = Release;
		};
		5E32B55C18F8F61800AEDB94 /* Build configuration list for PBXNativeTarget "TwitterClient01Tests" */ = {
			isa = XCConfigurationList;
			buildConfigurations = (
				5E32B55D18F8F61800AEDB94 /* Debug */,
				5E32B55E18F8F61800AEDB94 /* Release */,
			);
			defaultConfigurationIsVisible = 0;
			defaultConfigurationName = Release;
		};
/* End XCConfigurationList section */
	};
	rootObject = 5E32B51C18F8F61600AEDB94 /* Project object */;
}
